
Microsoft Visual Studio Solution File, Format Version 12.00
# Visual Studio Version 17
VisualStudioVersion = 17.11.35222.181
MinimumVisualStudioVersion = 10.0.40219.1
Project("{FAE04EC0-301F-11D3-BF4B-00C04F79EFBC}") = "B_232410101022_UTSPBO", "B_232410101022_UTSPBO.csproj", "{2D8D05B7-BE55-4E23-8BBD-81F1BD38600A}"
EndProject
Global
	GlobalSection(SolutionConfigurationPlatforms) = preSolution
		Debug|Any CPU = Debug|Any CPU
		Release|Any CPU = Release|Any CPU
	EndGlobalSection
	GlobalSection(ProjectConfigurationPlatforms) = postSolution
		{2D8D05B7-BE55-4E23-8BBD-81F1BD38600A}.Debug|Any CPU.ActiveCfg = Debug|Any CPU
		{2D8D05B7-BE55-4E23-8BBD-81F1BD38600A}.Debug|Any CPU.Build.0 = Debug|Any CPU
		{2D8D05B7-BE55-4E23-8BBD-81F1BD38600A}.Release|Any CPU.ActiveCfg = Release|Any CPU
		{2D8D05B7-BE55-4E23-8BBD-81F1BD38600A}.Release|Any CPU.Build.0 = Release|Any CPU
	EndGlobalSection
	GlobalSection(SolutionProperties) = preSolution
		HideSolutionNode = FALSE
	EndGlobalSection
	GlobalSection(ExtensibilityGlobals) = postSolution
		SolutionGuid = {8C6FCC70-A6D4-4471-9849-980458952D1D}
	EndGlobalSection
EndGlobal
